
Microsoft Visual Studio Solution File, Format Version 12.00
Project("{FAE04EC0-301F-11D3-BF4B-00C04F79EFBC}") = "ZxTape2Wav.Net", "ZxTape2Wav.Net\ZxTape2Wav.Net.csproj", "{7380338D-F748-45A2-94ED-03CDB50E41BF}"
EndProject
Project("{FAE04EC0-301F-11D3-BF4B-00C04F79EFBC}") = "ZxTape2Wav", "ZxTape2Wav\ZxTape2Wav.csproj", "{A5547B3A-E949-4BB9-AB2B-3947BDBCD432}"
EndProject
Global
	GlobalSection(SolutionConfigurationPlatforms) = preSolution
		Debug|Any CPU = Debug|Any CPU
		Release|Any CPU = Release|Any CPU
	EndGlobalSection
	GlobalSection(ProjectConfigurationPlatforms) = postSolution
		{7380338D-F748-45A2-94ED-03CDB50E41BF}.Debug|Any CPU.ActiveCfg = Debug|Any CPU
		{7380338D-F748-45A2-94ED-03CDB50E41BF}.Debug|Any CPU.Build.0 = Debug|Any CPU
		{7380338D-F748-45A2-94ED-03CDB50E41BF}.Release|Any CPU.ActiveCfg = Release|Any CPU
		{7380338D-F748-45A2-94ED-03CDB50E41BF}.Release|Any CPU.Build.0 = Release|Any CPU
		{A5547B3A-E949-4BB9-AB2B-3947BDBCD432}.Debug|Any CPU.ActiveCfg = Debug|Any CPU
		{A5547B3A-E949-4BB9-AB2B-3947BDBCD432}.Debug|Any CPU.Build.0 = Debug|Any CPU
		{A5547B3A-E949-4BB9-AB2B-3947BDBCD432}.Release|Any CPU.ActiveCfg = Release|Any CPU
		{A5547B3A-E949-4BB9-AB2B-3947BDBCD432}.Release|Any CPU.Build.0 = Release|Any CPU
	EndGlobalSection
EndGlobal
